
Microsoft Visual Studio Solution File, Format Version 12.00
Project("{FAE04EC0-301F-11D3-BF4B-00C04F79EFBC}") = "LSPDebuggingTool", "LSPDebuggingTool\LSPDebuggingTool.csproj", "{083B246A-BB38-4D52-ADC5-04BDDA12AAF0}"
EndProject
Project("{FAE04EC0-301F-11D3-BF4B-00C04F79EFBC}") = "LSPDebuggingTool.Desktop", "LSPDebuggingTool.Desktop\LSPDebuggingTool.Desktop.csproj", "{D43A1E2F-1A91-499A-A32B-D8A5ADC41F74}"
EndProject
Global
	GlobalSection(SolutionConfigurationPlatforms) = preSolution
		Debug|Any CPU = Debug|Any CPU
		Release|Any CPU = Release|Any CPU
	EndGlobalSection
	GlobalSection(ProjectConfigurationPlatforms) = postSolution
		{083B246A-BB38-4D52-ADC5-04BDDA12AAF0}.Debug|Any CPU.ActiveCfg = Debug|Any CPU
		{083B246A-BB38-4D52-ADC5-04BDDA12AAF0}.Debug|Any CPU.Build.0 = Debug|Any CPU
		{083B246A-BB38-4D52-ADC5-04BDDA12AAF0}.Release|Any CPU.ActiveCfg = Release|Any CPU
		{083B246A-BB38-4D52-ADC5-04BDDA12AAF0}.Release|Any CPU.Build.0 = Release|Any CPU
		{D43A1E2F-1A91-499A-A32B-D8A5ADC41F74}.Debug|Any CPU.ActiveCfg = Debug|Any CPU
		{D43A1E2F-1A91-499A-A32B-D8A5ADC41F74}.Debug|Any CPU.Build.0 = Debug|Any CPU
		{D43A1E2F-1A91-499A-A32B-D8A5ADC41F74}.Release|Any CPU.ActiveCfg = Release|Any CPU
		{D43A1E2F-1A91-499A-A32B-D8A5ADC41F74}.Release|Any CPU.Build.0 = Release|Any CPU
	EndGlobalSection
EndGlobal
